
Microsoft Visual Studio Solution File, Format Version 12.00
# Visual Studio Version 17
VisualStudioVersion = 17.13.35825.156
MinimumVisualStudioVersion = 10.0.40219.1
Project("{FAE04EC0-301F-11D3-BF4B-00C04F79EFBC}") = "NET 01. First Program (Old version)", "NET 01. First Program (Old version)\NET 01. First Program (Old version).csproj", "{0687F77E-9BDC-40DC-A293-21CF0B86FB55}"
EndProject
Project("{FAE04EC0-301F-11D3-BF4B-00C04F79EFBC}") = "NET 01. First Program (Top Level Statement)", "NET 01. First Program (Top Level Statement)\NET 01. First Program (Top Level Statement).csproj", "{5DE77075-1EAF-4680-95F3-8C1AB0A59226}"
EndProject
Project("{2150E333-8FDC-42A3-9474-1A3956D46DE8}") = "NET 01", "NET 01", "{02EA681E-C7D8-13C7-8484-4AC65E1B71E8}"
EndProject
Project("{2150E333-8FDC-42A3-9474-1A3956D46DE8}") = "NET 02", "NET 02", "{0549CDB3-7D61-4D40-BFDA-425880939889}"
EndProject
Project("{FAE04EC0-301F-11D3-BF4B-00C04F79EFBC}") = "NET 02. Data Types", "NET 02. Data Types\NET 02. Data Types.csproj", "{60BFC47A-213C-4E2D-B7E4-0E92FCCAA6B5}"
EndProject
Project("{FAE04EC0-301F-11D3-BF4B-00C04F79EFBC}") = "NET 02. Variables", "NET 02. Variables\NET 02. Variables.csproj", "{913F9C70-CB4C-4CE4-B6D0-88AE00E77BE6}"
EndProject
Project("{FAE04EC0-301F-11D3-BF4B-00C04F79EFBC}") = "NET 02. Input Output", "NET 02. Input Output\NET 02. Input Output.csproj", "{88EEF743-5265-4FD9-8708-4BB11A87509C}"
EndProject
Project("{FAE04EC0-301F-11D3-BF4B-00C04F79EFBC}") = "NET 02. Typecasting", "NET 02. Typecasting\NET 02. Typecasting.csproj", "{91802D07-F593-4133-B4D2-EA8EB18D5720}"
EndProject
Project("{2150E333-8FDC-42A3-9474-1A3956D46DE8}") = "NET 03", "NET 03", "{832F42F3-A214-4C28-B5D4-0A390C55C900}"
EndProject
Project("{FAE04EC0-301F-11D3-BF4B-00C04F79EFBC}") = "NET 03. Switch", "NET 03. Switch\NET 03. Switch.csproj", "{508D0975-91B6-4DC3-88B0-67514F13FFAD}"
EndProject
Project("{FAE04EC0-301F-11D3-BF4B-00C04F79EFBC}") = "NET 03. Arrays", "NET 03. Arrays\NET 03. Arrays.csproj", "{58F74609-5AB3-4EEF-A1E2-46B9AC3980D8}"
EndProject
Project("{FAE04EC0-301F-11D3-BF4B-00C04F79EFBC}") = "NET 03. ranges, indecies", "NET 03. ranges, indecies\NET 03. ranges, indecies.csproj", "{62608FD0-0C51-4E50-AF64-CDC3CB8AB99D}"
EndProject
Project("{FAE04EC0-301F-11D3-BF4B-00C04F79EFBC}") = "NET 03. String", "NET 03. String\NET 03. String.csproj", "{56B4A4BC-59EA-43C4-B82C-78026D81BFBB}"
EndProject
Project("{FAE04EC0-301F-11D3-BF4B-00C04F79EFBC}") = "NET 03. String vs StringBuilder", "NET 03. String vs StringBuilder\NET 03. String vs StringBuilder.csproj", "{1FDBB1D4-1921-48AE-8949-3D7845CDD740}"
EndProject
Project("{2150E333-8FDC-42A3-9474-1A3956D46DE8}") = "NET 04", "NET 04", "{D8A283D5-8633-4A2A-B359-6223B0B7F233}"
EndProject
Project("{FAE04EC0-301F-11D3-BF4B-00C04F79EFBC}") = "NET 04. ref, out", "NET 04. ref, out\NET 04. ref, out.csproj", "{6FCA91B8-F3DA-4586-B02E-1026537025D0}"
EndProject
Project("{FAE04EC0-301F-11D3-BF4B-00C04F79EFBC}") = "NET 04. struct", "NET 04. struct\NET 04. struct.csproj", "{682AA083-DD4E-4A30-BC98-4245696E256C}"
EndProject
Project("{FAE04EC0-301F-11D3-BF4B-00C04F79EFBC}") = "class, this, access modifiers", "class, this, access modifiers\class, this, access modifiers.csproj", "{0B54F624-6AF5-4625-821A-5C08908BFE1E}"
EndProject
Project("{2150E333-8FDC-42A3-9474-1A3956D46DE8}") = "NET 05", "NET 05", "{3896E818-4801-4A8B-8442-2F858AF94590}"
EndProject
Project("{FAE04EC0-301F-11D3-BF4B-00C04F79EFBC}") = "NET 05. Partial class", "NET 05. Partial class\NET 05. Partial class.csproj", "{AC97B2EA-34FD-4887-A4F9-F19702C765DA}"
EndProject
Project("{2150E333-8FDC-42A3-9474-1A3956D46DE8}") = "NET 06", "NET 06", "{B1D01A2D-8D3D-428C-91E7-A080B580FB5D}"
EndProject
Project("{FAE04EC0-301F-11D3-BF4B-00C04F79EFBC}") = "NET 06. Encapsulation", "NET 06. Encapsulation\NET 06. Encapsulation.csproj", "{11BC4F7C-1C00-4D2A-BC37-2B0726F17CA2}"
EndProject
Project("{FAE04EC0-301F-11D3-BF4B-00C04F79EFBC}") = "NET 06. Params", "NET 06. Params\NET 06. Params.csproj", "{CDE674C6-7B05-47C4-BD44-C01C51828DDA}"
EndProject
Project("{FAE04EC0-301F-11D3-BF4B-00C04F79EFBC}") = "NET 06. Null Conditional, Null Coalesing, Nullable", "NET 06. Null Conditional, Null Coalesing, Nullable\NET 06. Null Conditional, Null Coalesing, Nullable.csproj", "{A35B63F0-2449-4E18-A20E-E23EACB64CD3}"
EndProject
Project("{FAE04EC0-301F-11D3-BF4B-00C04F79EFBC}") = "NET 06. Tuple, Desconstruct", "NET 06. Tuple, Desconstruct\NET 06. Tuple, Desconstruct.csproj", "{4C33531E-F3FE-4EDC-A748-3D809FCBA20A}"
EndProject
Project("{2150E333-8FDC-42A3-9474-1A3956D46DE8}") = "NET 07", "NET 07", "{817A654C-D657-408E-B5A0-B86CF99F8289}"
EndProject
Project("{FAE04EC0-301F-11D3-BF4B-00C04F79EFBC}") = "NET 07. Operator overloading", "NET 07. Operator overloading\NET 07. Operator overloading.csproj", "{DD5D0689-9BFC-4445-BDC8-D9DEFE5AB0D6}"
EndProject
Project("{2150E333-8FDC-42A3-9474-1A3956D46DE8}") = "NET 08", "NET 08", "{A61C9A6E-1BD7-4B92-B6A5-5BBE0EB5221D}"
EndProject
Project("{FAE04EC0-301F-11D3-BF4B-00C04F79EFBC}") = "NET 08. Indexer", "NET 08. Indexer\NET 08. Indexer.csproj", "{DE870B50-997D-40D5-8C6D-5B17FC9EB1FF}"
EndProject
Project("{FAE04EC0-301F-11D3-BF4B-00C04F79EFBC}") = "NET 08. Inheritance", "NET 08. Inheritance\NET 08. Inheritance.csproj", "{2C3B12FE-A3B7-405F-82AF-4289AD5DD061}"
EndProject
Project("{2150E333-8FDC-42A3-9474-1A3956D46DE8}") = "NET 09", "NET 09", "{C4B126A1-2547-4CA5-ACDE-775F884BA7F2}"
EndProject
Project("{FAE04EC0-301F-11D3-BF4B-00C04F79EFBC}") = "NET 09. Abstract class", "NET 09. Abstract class\NET 09. Abstract class.csproj", "{E12B9B46-63C6-49F7-BD19-0C2D189DAA64}"
EndProject
Global
	GlobalSection(SolutionConfigurationPlatforms) = preSolution
		Debug|Any CPU = Debug|Any CPU
		Release|Any CPU = Release|Any CPU
	EndGlobalSection
	GlobalSection(ProjectConfigurationPlatforms) = postSolution
		{0687F77E-9BDC-40DC-A293-21CF0B86FB55}.Debug|Any CPU.ActiveCfg = Debug|Any CPU
		{0687F77E-9BDC-40DC-A293-21CF0B86FB55}.Debug|Any CPU.Build.0 = Debug|Any CPU
		{0687F77E-9BDC-40DC-A293-21CF0B86FB55}.Release|Any CPU.ActiveCfg = Release|Any CPU
		{0687F77E-9BDC-40DC-A293-21CF0B86FB55}.Release|Any CPU.Build.0 = Release|Any CPU
		{5DE77075-1EAF-4680-95F3-8C1AB0A59226}.Debug|Any CPU.ActiveCfg = Debug|Any CPU
		{5DE77075-1EAF-4680-95F3-8C1AB0A59226}.Debug|Any CPU.Build.0 = Debug|Any CPU
		{5DE77075-1EAF-4680-95F3-8C1AB0A59226}.Release|Any CPU.ActiveCfg = Release|Any CPU
		{5DE77075-1EAF-4680-95F3-8C1AB0A59226}.Release|Any CPU.Build.0 = Release|Any CPU
		{60BFC47A-213C-4E2D-B7E4-0E92FCCAA6B5}.Debug|Any CPU.ActiveCfg = Debug|Any CPU
		{60BFC47A-213C-4E2D-B7E4-0E92FCCAA6B5}.Debug|Any CPU.Build.0 = Debug|Any CPU
		{60BFC47A-213C-4E2D-B7E4-0E92FCCAA6B5}.Release|Any CPU.ActiveCfg = Release|Any CPU
		{60BFC47A-213C-4E2D-B7E4-0E92FCCAA6B5}.Release|Any CPU.Build.0 = Release|Any CPU
		{913F9C70-CB4C-4CE4-B6D0-88AE00E77BE6}.Debug|Any CPU.ActiveCfg = Debug|Any CPU
		{913F9C70-CB4C-4CE4-B6D0-88AE00E77BE6}.Debug|Any CPU.Build.0 = Debug|Any CPU
		{913F9C70-CB4C-4CE4-B6D0-88AE00E77BE6}.Release|Any CPU.ActiveCfg = Release|Any CPU
		{913F9C70-CB4C-4CE4-B6D0-88AE00E77BE6}.Release|Any CPU.Build.0 = Release|Any CPU
		{88EEF743-5265-4FD9-8708-4BB11A87509C}.Debug|Any CPU.ActiveCfg = Debug|Any CPU
		{88EEF743-5265-4FD9-8708-4BB11A87509C}.Debug|Any CPU.Build.0 = Debug|Any CPU
		{88EEF743-5265-4FD9-8708-4BB11A87509C}.Release|Any CPU.ActiveCfg = Release|Any CPU
		{88EEF743-5265-4FD9-8708-4BB11A87509C}.Release|Any CPU.Build.0 = Release|Any CPU
		{91802D07-F593-4133-B4D2-EA8EB18D5720}.Debug|Any CPU.ActiveCfg = Debug|Any CPU
		{91802D07-F593-4133-B4D2-EA8EB18D5720}.Debug|Any CPU.Build.0 = Debug|Any CPU
		{91802D07-F593-4133-B4D2-EA8EB18D5720}.Release|Any CPU.ActiveCfg = Release|Any CPU
		{91802D07-F593-4133-B4D2-EA8EB18D5720}.Release|Any CPU.Build.0 = Release|Any CPU
		{508D0975-91B6-4DC3-88B0-67514F13FFAD}.Debug|Any CPU.ActiveCfg = Debug|Any CPU
		{508D0975-91B6-4DC3-88B0-67514F13FFAD}.Debug|Any CPU.Build.0 = Debug|Any CPU
		{508D0975-91B6-4DC3-88B0-67514F13FFAD}.Release|Any CPU.ActiveCfg = Release|Any CPU
		{508D0975-91B6-4DC3-88B0-67514F13FFAD}.Release|Any CPU.Build.0 = Release|Any CPU
		{58F74609-5AB3-4EEF-A1E2-46B9AC3980D8}.Debug|Any CPU.ActiveCfg = Debug|Any CPU
		{58F74609-5AB3-4EEF-A1E2-46B9AC3980D8}.Debug|Any CPU.Build.0 = Debug|Any CPU
		{58F74609-5AB3-4EEF-A1E2-46B9AC3980D8}.Release|Any CPU.ActiveCfg = Release|Any CPU
		{58F74609-5AB3-4EEF-A1E2-46B9AC3980D8}.Release|Any CPU.Build.0 = Release|Any CPU
		{62608FD0-0C51-4E50-AF64-CDC3CB8AB99D}.Debug|Any CPU.ActiveCfg = Debug|Any CPU
		{62608FD0-0C51-4E50-AF64-CDC3CB8AB99D}.Debug|Any CPU.Build.0 = Debug|Any CPU
		{62608FD0-0C51-4E50-AF64-CDC3CB8AB99D}.Release|Any CPU.ActiveCfg = Release|Any CPU
		{62608FD0-0C51-4E50-AF64-CDC3CB8AB99D}.Release|Any CPU.Build.0 = Release|Any CPU
		{56B4A4BC-59EA-43C4-B82C-78026D81BFBB}.Debug|Any CPU.ActiveCfg = Debug|Any CPU
		{56B4A4BC-59EA-43C4-B82C-78026D81BFBB}.Debug|Any CPU.Build.0 = Debug|Any CPU
		{56B4A4BC-59EA-43C4-B82C-78026D81BFBB}.Release|Any CPU.ActiveCfg = Release|Any CPU
		{56B4A4BC-59EA-43C4-B82C-78026D81BFBB}.Release|Any CPU.Build.0 = Release|Any CPU
		{1FDBB1D4-1921-48AE-8949-3D7845CDD740}.Debug|Any CPU.ActiveCfg = Debug|Any CPU
		{1FDBB1D4-1921-48AE-8949-3D7845CDD740}.Debug|Any CPU.Build.0 = Debug|Any CPU
		{1FDBB1D4-1921-48AE-8949-3D7845CDD740}.Release|Any CPU.ActiveCfg = Release|Any CPU
		{1FDBB1D4-1921-48AE-8949-3D7845CDD740}.Release|Any CPU.Build.0 = Release|Any CPU
		{6FCA91B8-F3DA-4586-B02E-1026537025D0}.Debug|Any CPU.ActiveCfg = Debug|Any CPU
		{6FCA91B8-F3DA-4586-B02E-1026537025D0}.Debug|Any CPU.Build.0 = Debug|Any CPU
		{6FCA91B8-F3DA-4586-B02E-1026537025D0}.Release|Any CPU.ActiveCfg = Release|Any CPU
		{6FCA91B8-F3DA-4586-B02E-1026537025D0}.Release|Any CPU.Build.0 = Release|Any CPU
		{682AA083-DD4E-4A30-BC98-4245696E256C}.Debug|Any CPU.ActiveCfg = Debug|Any CPU
		{682AA083-DD4E-4A30-BC98-4245696E256C}.Debug|Any CPU.Build.0 = Debug|Any CPU
		{682AA083-DD4E-4A30-BC98-4245696E256C}.Release|Any CPU.ActiveCfg = Release|Any CPU
		{682AA083-DD4E-4A30-BC98-4245696E256C}.Release|Any CPU.Build.0 = Release|Any CPU
		{0B54F624-6AF5-4625-821A-5C08908BFE1E}.Debug|Any CPU.ActiveCfg = Debug|Any CPU
		{0B54F624-6AF5-4625-821A-5C08908BFE1E}.Debug|Any CPU.Build.0 = Debug|Any CPU
		{0B54F624-6AF5-4625-821A-5C08908BFE1E}.Release|Any CPU.ActiveCfg = Release|Any CPU
		{0B54F624-6AF5-4625-821A-5C08908BFE1E}.Release|Any CPU.Build.0 = Release|Any CPU
		{AC97B2EA-34FD-4887-A4F9-F19702C765DA}.Debug|Any CPU.ActiveCfg = Debug|Any CPU
		{AC97B2EA-34FD-4887-A4F9-F19702C765DA}.Debug|Any CPU.Build.0 = Debug|Any CPU
		{AC97B2EA-34FD-4887-A4F9-F19702C765DA}.Release|Any CPU.ActiveCfg = Release|Any CPU
		{AC97B2EA-34FD-4887-A4F9-F19702C765DA}.Release|Any CPU.Build.0 = Release|Any CPU
		{11BC4F7C-1C00-4D2A-BC37-2B0726F17CA2}.Debug|Any CPU.ActiveCfg = Debug|Any CPU
		{11BC4F7C-1C00-4D2A-BC37-2B0726F17CA2}.Debug|Any CPU.Build.0 = Debug|Any CPU
		{11BC4F7C-1C00-4D2A-BC37-2B0726F17CA2}.Release|Any CPU.ActiveCfg = Release|Any CPU
		{11BC4F7C-1C00-4D2A-BC37-2B0726F17CA2}.Release|Any CPU.Build.0 = Release|Any CPU
		{CDE674C6-7B05-47C4-BD44-C01C51828DDA}.Debug|Any CPU.ActiveCfg = Debug|Any CPU
		{CDE674C6-7B05-47C4-BD44-C01C51828DDA}.Debug|Any CPU.Build.0 = Debug|Any CPU
		{CDE674C6-7B05-47C4-BD44-C01C51828DDA}.Release|Any CPU.ActiveCfg = Release|Any CPU
		{CDE674C6-7B05-47C4-BD44-C01C51828DDA}.Release|Any CPU.Build.0 = Release|Any CPU
		{A35B63F0-2449-4E18-A20E-E23EACB64CD3}.Debug|Any CPU.ActiveCfg = Debug|Any CPU
		{A35B63F0-2449-4E18-A20E-E23EACB64CD3}.Debug|Any CPU.Build.0 = Debug|Any CPU
		{A35B63F0-2449-4E18-A20E-E23EACB64CD3}.Release|Any CPU.ActiveCfg = Release|Any CPU
		{A35B63F0-2449-4E18-A20E-E23EACB64CD3}.Release|Any CPU.Build.0 = Release|Any CPU
		{4C33531E-F3FE-4EDC-A748-3D809FCBA20A}.Debug|Any CPU.ActiveCfg = Debug|Any CPU
		{4C33531E-F3FE-4EDC-A748-3D809FCBA20A}.Debug|Any CPU.Build.0 = Debug|Any CPU
		{4C33531E-F3FE-4EDC-A748-3D809FCBA20A}.Release|Any CPU.ActiveCfg = Release|Any CPU
		{4C33531E-F3FE-4EDC-A748-3D809FCBA20A}.Release|Any CPU.Build.0 = Release|Any CPU
		{DD5D0689-9BFC-4445-BDC8-D9DEFE5AB0D6}.Debug|Any CPU.ActiveCfg = Debug|Any CPU
		{DD5D0689-9BFC-4445-BDC8-D9DEFE5AB0D6}.Debug|Any CPU.Build.0 = Debug|Any CPU
		{DD5D0689-9BFC-4445-BDC8-D9DEFE5AB0D6}.Release|Any CPU.ActiveCfg = Release|Any CPU
		{DD5D0689-9BFC-4445-BDC8-D9DEFE5AB0D6}.Release|Any CPU.Build.0 = Release|Any CPU
		{DE870B50-997D-40D5-8C6D-5B17FC9EB1FF}.Debug|Any CPU.ActiveCfg = Debug|Any CPU
		{DE870B50-997D-40D5-8C6D-5B17FC9EB1FF}.Debug|Any CPU.Build.0 = Debug|Any CPU
		{DE870B50-997D-40D5-8C6D-5B17FC9EB1FF}.Release|Any CPU.ActiveCfg = Release|Any CPU
		{DE870B50-997D-40D5-8C6D-5B17FC9EB1FF}.Release|Any CPU.Build.0 = Release|Any CPU
		{2C3B12FE-A3B7-405F-82AF-4289AD5DD061}.Debug|Any CPU.ActiveCfg = Debug|Any CPU
		{2C3B12FE-A3B7-405F-82AF-4289AD5DD061}.Debug|Any CPU.Build.0 = Debug|Any CPU
		{2C3B12FE-A3B7-405F-82AF-4289AD5DD061}.Release|Any CPU.ActiveCfg = Release|Any CPU
		{2C3B12FE-A3B7-405F-82AF-4289AD5DD061}.Release|Any CPU.Build.0 = Release|Any CPU
		{E12B9B46-63C6-49F7-BD19-0C2D189DAA64}.Debug|Any CPU.ActiveCfg = Debug|Any CPU
		{E12B9B46-63C6-49F7-BD19-0C2D189DAA64}.Debug|Any CPU.Build.0 = Debug|Any CPU
		{E12B9B46-63C6-49F7-BD19-0C2D189DAA64}.Release|Any CPU.ActiveCfg = Release|Any CPU
		{E12B9B46-63C6-49F7-BD19-0C2D189DAA64}.Release|Any CPU.Build.0 = Release|Any CPU
	EndGlobalSection
	GlobalSection(SolutionProperties) = preSolution
		HideSolutionNode = FALSE
	EndGlobalSection
	GlobalSection(NestedProjects) = preSolution
		{0687F77E-9BDC-40DC-A293-21CF0B86FB55} = {02EA681E-C7D8-13C7-8484-4AC65E1B71E8}
		{5DE77075-1EAF-4680-95F3-8C1AB0A59226} = {02EA681E-C7D8-13C7-8484-4AC65E1B71E8}
		{60BFC47A-213C-4E2D-B7E4-0E92FCCAA6B5} = {0549CDB3-7D61-4D40-BFDA-425880939889}
		{913F9C70-CB4C-4CE4-B6D0-88AE00E77BE6} = {0549CDB3-7D61-4D40-BFDA-425880939889}
		{88EEF743-5265-4FD9-8708-4BB11A87509C} = {0549CDB3-7D61-4D40-BFDA-425880939889}
		{91802D07-F593-4133-B4D2-EA8EB18D5720} = {0549CDB3-7D61-4D40-BFDA-425880939889}
		{508D0975-91B6-4DC3-88B0-67514F13FFAD} = {832F42F3-A214-4C28-B5D4-0A390C55C900}
		{58F74609-5AB3-4EEF-A1E2-46B9AC3980D8} = {832F42F3-A214-4C28-B5D4-0A390C55C900}
		{62608FD0-0C51-4E50-AF64-CDC3CB8AB99D} = {832F42F3-A214-4C28-B5D4-0A390C55C900}
		{56B4A4BC-59EA-43C4-B82C-78026D81BFBB} = {832F42F3-A214-4C28-B5D4-0A390C55C900}
		{1FDBB1D4-1921-48AE-8949-3D7845CDD740} = {832F42F3-A214-4C28-B5D4-0A390C55C900}
		{6FCA91B8-F3DA-4586-B02E-1026537025D0} = {D8A283D5-8633-4A2A-B359-6223B0B7F233}
		{682AA083-DD4E-4A30-BC98-4245696E256C} = {D8A283D5-8633-4A2A-B359-6223B0B7F233}
		{0B54F624-6AF5-4625-821A-5C08908BFE1E} = {D8A283D5-8633-4A2A-B359-6223B0B7F233}
		{AC97B2EA-34FD-4887-A4F9-F19702C765DA} = {3896E818-4801-4A8B-8442-2F858AF94590}
		{11BC4F7C-1C00-4D2A-BC37-2B0726F17CA2} = {B1D01A2D-8D3D-428C-91E7-A080B580FB5D}
		{CDE674C6-7B05-47C4-BD44-C01C51828DDA} = {B1D01A2D-8D3D-428C-91E7-A080B580FB5D}
		{A35B63F0-2449-4E18-A20E-E23EACB64CD3} = {B1D01A2D-8D3D-428C-91E7-A080B580FB5D}
		{4C33531E-F3FE-4EDC-A748-3D809FCBA20A} = {B1D01A2D-8D3D-428C-91E7-A080B580FB5D}
		{DD5D0689-9BFC-4445-BDC8-D9DEFE5AB0D6} = {817A654C-D657-408E-B5A0-B86CF99F8289}
		{DE870B50-997D-40D5-8C6D-5B17FC9EB1FF} = {A61C9A6E-1BD7-4B92-B6A5-5BBE0EB5221D}
		{2C3B12FE-A3B7-405F-82AF-4289AD5DD061} = {A61C9A6E-1BD7-4B92-B6A5-5BBE0EB5221D}
		{E12B9B46-63C6-49F7-BD19-0C2D189DAA64} = {C4B126A1-2547-4CA5-ACDE-775F884BA7F2}
	EndGlobalSection
	GlobalSection(ExtensibilityGlobals) = postSolution
		SolutionGuid = {7691A36B-2421-4442-A372-20EACDBDE4C2}
	EndGlobalSection
EndGlobal
